
Microsoft Visual Studio Solution File, Format Version 12.00
# Visual Studio 15
VisualStudioVersion = 15.0.26430.6
MinimumVisualStudioVersion = 10.0.40219.1
Project("{FAE04EC0-301F-11D3-BF4B-00C04F79EFBC}") = "Number in Range [1...100]", "Number in Range [1...100]\Number in Range [1...100].csproj", "{A441ADA5-7265-47A0-ABDE-C8F93491B5B1}"
EndProject
Global
	GlobalSection(SolutionConfigurationPlatforms) = preSolution
		Debug|Any CPU = Debug|Any CPU
		Release|Any CPU = Release|Any CPU
	EndGlobalSection
	GlobalSection(ProjectConfigurationPlatforms) = postSolution
		{A441ADA5-7265-47A0-ABDE-C8F93491B5B1}.Debug|Any CPU.ActiveCfg = Debug|Any CPU
		{A441ADA5-7265-47A0-ABDE-C8F93491B5B1}.Debug|Any CPU.Build.0 = Debug|Any CPU
		{A441ADA5-7265-47A0-ABDE-C8F93491B5B1}.Release|Any CPU.ActiveCfg = Release|Any CPU
		{A441ADA5-7265-47A0-ABDE-C8F93491B5B1}.Release|Any CPU.Build.0 = Release|Any CPU
	EndGlobalSection
	GlobalSection(SolutionProperties) = preSolution
		HideSolutionNode = FALSE
	EndGlobalSection
EndGlobal
