
Microsoft Visual Studio Solution File, Format Version 12.00
# Visual Studio 15
VisualStudioVersion = 15.0.26430.6
MinimumVisualStudioVersion = 10.0.40219.1
Project("{FAE04EC0-301F-11D3-BF4B-00C04F79EFBC}") = "PracticeFloatingPointNumbers", "PracticeFloatingPointNumbers\PracticeFloatingPointNumbers.csproj", "{AE870E90-F36E-4BEB-AE55-A440278EA840}"
EndProject
Global
	GlobalSection(SolutionConfigurationPlatforms) = preSolution
		Debug|Any CPU = Debug|Any CPU
		Release|Any CPU = Release|Any CPU
	EndGlobalSection
	GlobalSection(ProjectConfigurationPlatforms) = postSolution
		{AE870E90-F36E-4BEB-AE55-A440278EA840}.Debug|Any CPU.ActiveCfg = Debug|Any CPU
		{AE870E90-F36E-4BEB-AE55-A440278EA840}.Debug|Any CPU.Build.0 = Debug|Any CPU
		{AE870E90-F36E-4BEB-AE55-A440278EA840}.Release|Any CPU.ActiveCfg = Release|Any CPU
		{AE870E90-F36E-4BEB-AE55-A440278EA840}.Release|Any CPU.Build.0 = Release|Any CPU
	EndGlobalSection
	GlobalSection(SolutionProperties) = preSolution
		HideSolutionNode = FALSE
	EndGlobalSection
EndGlobal
