
Microsoft Visual Studio Solution File, Format Version 12.00
# Visual Studio 15
VisualStudioVersion = 15.0.26430.6
MinimumVisualStudioVersion = 10.0.40219.1
Project("{FAE04EC0-301F-11D3-BF4B-00C04F79EFBC}") = "Numbers Ending in 7", "Numbers Ending in 7\Numbers Ending in 7.csproj", "{9A745E24-4493-4067-9E07-F09B4BE1B504}"
EndProject
Global
	GlobalSection(SolutionConfigurationPlatforms) = preSolution
		Debug|Any CPU = Debug|Any CPU
		Release|Any CPU = Release|Any CPU
	EndGlobalSection
	GlobalSection(ProjectConfigurationPlatforms) = postSolution
		{9A745E24-4493-4067-9E07-F09B4BE1B504}.Debug|Any CPU.ActiveCfg = Debug|Any CPU
		{9A745E24-4493-4067-9E07-F09B4BE1B504}.Debug|Any CPU.Build.0 = Debug|Any CPU
		{9A745E24-4493-4067-9E07-F09B4BE1B504}.Release|Any CPU.ActiveCfg = Release|Any CPU
		{9A745E24-4493-4067-9E07-F09B4BE1B504}.Release|Any CPU.Build.0 = Release|Any CPU
	EndGlobalSection
	GlobalSection(SolutionProperties) = preSolution
		HideSolutionNode = FALSE
	EndGlobalSection
EndGlobal
