
Microsoft Visual Studio Solution File, Format Version 12.00
# Visual Studio 15
VisualStudioVersion = 15.0.26430.6
MinimumVisualStudioVersion = 10.0.40219.1
Project("{FAE04EC0-301F-11D3-BF4B-00C04F79EFBC}") = "Remove Negatives and Reverse", "Remove Negatives and Reverse\Remove Negatives and Reverse.csproj", "{EF0AB34C-E51D-4B3C-BD6F-7124DA6087CC}"
EndProject
Global
	GlobalSection(SolutionConfigurationPlatforms) = preSolution
		Debug|Any CPU = Debug|Any CPU
		Release|Any CPU = Release|Any CPU
	EndGlobalSection
	GlobalSection(ProjectConfigurationPlatforms) = postSolution
		{EF0AB34C-E51D-4B3C-BD6F-7124DA6087CC}.Debug|Any CPU.ActiveCfg = Debug|Any CPU
		{EF0AB34C-E51D-4B3C-BD6F-7124DA6087CC}.Debug|Any CPU.Build.0 = Debug|Any CPU
		{EF0AB34C-E51D-4B3C-BD6F-7124DA6087CC}.Release|Any CPU.ActiveCfg = Release|Any CPU
		{EF0AB34C-E51D-4B3C-BD6F-7124DA6087CC}.Release|Any CPU.Build.0 = Release|Any CPU
	EndGlobalSection
	GlobalSection(SolutionProperties) = preSolution
		HideSolutionNode = FALSE
	EndGlobalSection
EndGlobal
