
Microsoft Visual Studio Solution File, Format Version 12.00
# Visual Studio 15
VisualStudioVersion = 15.0.26430.6
MinimumVisualStudioVersion = 10.0.40219.1
Project("{FAE04EC0-301F-11D3-BF4B-00C04F79EFBC}") = "Area of Figures", "Area of Figures\Area of Figures.csproj", "{A454C03D-EE23-44B1-A3CC-6882E8069AB8}"
EndProject
Global
	GlobalSection(SolutionConfigurationPlatforms) = preSolution
		Debug|Any CPU = Debug|Any CPU
		Release|Any CPU = Release|Any CPU
	EndGlobalSection
	GlobalSection(ProjectConfigurationPlatforms) = postSolution
		{A454C03D-EE23-44B1-A3CC-6882E8069AB8}.Debug|Any CPU.ActiveCfg = Debug|Any CPU
		{A454C03D-EE23-44B1-A3CC-6882E8069AB8}.Debug|Any CPU.Build.0 = Debug|Any CPU
		{A454C03D-EE23-44B1-A3CC-6882E8069AB8}.Release|Any CPU.ActiveCfg = Release|Any CPU
		{A454C03D-EE23-44B1-A3CC-6882E8069AB8}.Release|Any CPU.Build.0 = Release|Any CPU
	EndGlobalSection
	GlobalSection(SolutionProperties) = preSolution
		HideSolutionNode = FALSE
	EndGlobalSection
EndGlobal
