
Microsoft Visual Studio Solution File, Format Version 12.00
# Visual Studio 15
VisualStudioVersion = 15.0.26430.6
MinimumVisualStudioVersion = 10.0.40219.1
Project("{FAE04EC0-301F-11D3-BF4B-00C04F79EFBC}") = "RectangleOf10x10Stars", "RectangleOf10x10Stars\RectangleOf10x10Stars.csproj", "{B4AE640B-1BAE-40BD-A7AE-0EFA04C24AAE}"
EndProject
Global
	GlobalSection(SolutionConfigurationPlatforms) = preSolution
		Debug|Any CPU = Debug|Any CPU
		Release|Any CPU = Release|Any CPU
	EndGlobalSection
	GlobalSection(ProjectConfigurationPlatforms) = postSolution
		{B4AE640B-1BAE-40BD-A7AE-0EFA04C24AAE}.Debug|Any CPU.ActiveCfg = Debug|Any CPU
		{B4AE640B-1BAE-40BD-A7AE-0EFA04C24AAE}.Debug|Any CPU.Build.0 = Debug|Any CPU
		{B4AE640B-1BAE-40BD-A7AE-0EFA04C24AAE}.Release|Any CPU.ActiveCfg = Release|Any CPU
		{B4AE640B-1BAE-40BD-A7AE-0EFA04C24AAE}.Release|Any CPU.Build.0 = Release|Any CPU
	EndGlobalSection
	GlobalSection(SolutionProperties) = preSolution
		HideSolutionNode = FALSE
	EndGlobalSection
EndGlobal
