
Microsoft Visual Studio Solution File, Format Version 12.00
# Visual Studio 15
VisualStudioVersion = 15.0.26430.6
MinimumVisualStudioVersion = 10.0.40219.1
Project("{FAE04EC0-301F-11D3-BF4B-00C04F79EFBC}") = "Left and Right Sum", "Left and Right Sum\Left and Right Sum.csproj", "{F4413A59-F0A9-4EB3-825C-B2B8AF4CCD09}"
EndProject
Global
	GlobalSection(SolutionConfigurationPlatforms) = preSolution
		Debug|Any CPU = Debug|Any CPU
		Release|Any CPU = Release|Any CPU
	EndGlobalSection
	GlobalSection(ProjectConfigurationPlatforms) = postSolution
		{F4413A59-F0A9-4EB3-825C-B2B8AF4CCD09}.Debug|Any CPU.ActiveCfg = Debug|Any CPU
		{F4413A59-F0A9-4EB3-825C-B2B8AF4CCD09}.Debug|Any CPU.Build.0 = Debug|Any CPU
		{F4413A59-F0A9-4EB3-825C-B2B8AF4CCD09}.Release|Any CPU.ActiveCfg = Release|Any CPU
		{F4413A59-F0A9-4EB3-825C-B2B8AF4CCD09}.Release|Any CPU.Build.0 = Release|Any CPU
	EndGlobalSection
	GlobalSection(SolutionProperties) = preSolution
		HideSolutionNode = FALSE
	EndGlobalSection
EndGlobal
