
Microsoft Visual Studio Solution File, Format Version 12.00
# Visual Studio 15
VisualStudioVersion = 15.0.26430.6
MinimumVisualStudioVersion = 10.0.40219.1
Project("{FAE04EC0-301F-11D3-BF4B-00C04F79EFBC}") = "ExactProductOfRealNumbers", "ExactProductOfRealNumbers\ExactProductOfRealNumbers.csproj", "{9F3B8FD0-15E6-4703-B35D-B4A043B192BA}"
EndProject
Global
	GlobalSection(SolutionConfigurationPlatforms) = preSolution
		Debug|Any CPU = Debug|Any CPU
		Release|Any CPU = Release|Any CPU
	EndGlobalSection
	GlobalSection(ProjectConfigurationPlatforms) = postSolution
		{9F3B8FD0-15E6-4703-B35D-B4A043B192BA}.Debug|Any CPU.ActiveCfg = Debug|Any CPU
		{9F3B8FD0-15E6-4703-B35D-B4A043B192BA}.Debug|Any CPU.Build.0 = Debug|Any CPU
		{9F3B8FD0-15E6-4703-B35D-B4A043B192BA}.Release|Any CPU.ActiveCfg = Release|Any CPU
		{9F3B8FD0-15E6-4703-B35D-B4A043B192BA}.Release|Any CPU.Build.0 = Release|Any CPU
	EndGlobalSection
	GlobalSection(SolutionProperties) = preSolution
		HideSolutionNode = FALSE
	EndGlobalSection
EndGlobal
