
Microsoft Visual Studio Solution File, Format Version 12.00
# Visual Studio 15
VisualStudioVersion = 15.0.26430.6
MinimumVisualStudioVersion = 10.0.40219.1
Project("{FAE04EC0-301F-11D3-BF4B-00C04F79EFBC}") = "Odd Even Sum", "Odd Even Sum\Odd Even Sum.csproj", "{970A749C-67C9-4945-A3FB-D49E6FE016FD}"
EndProject
Global
	GlobalSection(SolutionConfigurationPlatforms) = preSolution
		Debug|Any CPU = Debug|Any CPU
		Release|Any CPU = Release|Any CPU
	EndGlobalSection
	GlobalSection(ProjectConfigurationPlatforms) = postSolution
		{970A749C-67C9-4945-A3FB-D49E6FE016FD}.Debug|Any CPU.ActiveCfg = Debug|Any CPU
		{970A749C-67C9-4945-A3FB-D49E6FE016FD}.Debug|Any CPU.Build.0 = Debug|Any CPU
		{970A749C-67C9-4945-A3FB-D49E6FE016FD}.Release|Any CPU.ActiveCfg = Release|Any CPU
		{970A749C-67C9-4945-A3FB-D49E6FE016FD}.Release|Any CPU.Build.0 = Release|Any CPU
	EndGlobalSection
	GlobalSection(SolutionProperties) = preSolution
		HideSolutionNode = FALSE
	EndGlobalSection
EndGlobal
